
Microsoft Visual Studio Solution File, Format Version 12.00
# Visual Studio Version 17
VisualStudioVersion = 17.0.31903.59
MinimumVisualStudioVersion = 10.0.40219.1
Project("{FAE04EC0-301F-11D3-BF4B-00C04F79EFBC}") = "BlazorAppShop.Models", "BlazorAppShop.Models\BlazorAppShop.Models.csproj", "{59A74BB7-ED0B-4995-B3B5-6E42FE80448A}"
EndProject
Project("{FAE04EC0-301F-11D3-BF4B-00C04F79EFBC}") = "BlazorAppShop.Web", "BlazorAppShop.Web\BlazorAppShop.Web.csproj", "{F2A68D71-25F2-499D-B46A-2097EADB7BD4}"
EndProject
Project("{FAE04EC0-301F-11D3-BF4B-00C04F79EFBC}") = "BlazorAppShop.WebApi", "BlazorAppShop.WebApi\BlazorAppShop.WebApi.csproj", "{DB0E7B33-722C-460F-A56E-8A3E350B9FF0}"
EndProject
Global
	GlobalSection(SolutionConfigurationPlatforms) = preSolution
		Debug|Any CPU = Debug|Any CPU
		Release|Any CPU = Release|Any CPU
	EndGlobalSection
	GlobalSection(ProjectConfigurationPlatforms) = postSolution
		{59A74BB7-ED0B-4995-B3B5-6E42FE80448A}.Debug|Any CPU.ActiveCfg = Debug|Any CPU
		{59A74BB7-ED0B-4995-B3B5-6E42FE80448A}.Debug|Any CPU.Build.0 = Debug|Any CPU
		{59A74BB7-ED0B-4995-B3B5-6E42FE80448A}.Release|Any CPU.ActiveCfg = Release|Any CPU
		{59A74BB7-ED0B-4995-B3B5-6E42FE80448A}.Release|Any CPU.Build.0 = Release|Any CPU
		{F2A68D71-25F2-499D-B46A-2097EADB7BD4}.Debug|Any CPU.ActiveCfg = Debug|Any CPU
		{F2A68D71-25F2-499D-B46A-2097EADB7BD4}.Debug|Any CPU.Build.0 = Debug|Any CPU
		{F2A68D71-25F2-499D-B46A-2097EADB7BD4}.Release|Any CPU.ActiveCfg = Release|Any CPU
		{F2A68D71-25F2-499D-B46A-2097EADB7BD4}.Release|Any CPU.Build.0 = Release|Any CPU
		{DB0E7B33-722C-460F-A56E-8A3E350B9FF0}.Debug|Any CPU.ActiveCfg = Debug|Any CPU
		{DB0E7B33-722C-460F-A56E-8A3E350B9FF0}.Debug|Any CPU.Build.0 = Debug|Any CPU
		{DB0E7B33-722C-460F-A56E-8A3E350B9FF0}.Release|Any CPU.ActiveCfg = Release|Any CPU
		{DB0E7B33-722C-460F-A56E-8A3E350B9FF0}.Release|Any CPU.Build.0 = Release|Any CPU
	EndGlobalSection
	GlobalSection(SolutionProperties) = preSolution
		HideSolutionNode = FALSE
	EndGlobalSection
EndGlobal
